
Microsoft Visual Studio Solution File, Format Version 12.00
# Visual Studio 15
VisualStudioVersion = 15.0.28010.2026
MinimumVisualStudioVersion = 10.0.40219.1
Project("{FAE04EC0-301F-11D3-BF4B-00C04F79EFBC}") = "yangxu1", "yangxu1\yangxu1.csproj", "{71FC49CD-5F2A-45DB-8F23-7211672366D7}"
EndProject
Project("{FAE04EC0-301F-11D3-BF4B-00C04F79EFBC}") = "DemoModel", "DemoModel\DemoModel.csproj", "{51CB11EA-9E8C-41A6-9E96-4CFA152BEC91}"
EndProject
Global
	GlobalSection(SolutionConfigurationPlatforms) = preSolution
		Debug|Any CPU = Debug|Any CPU
		Release|Any CPU = Release|Any CPU
	EndGlobalSection
	GlobalSection(ProjectConfigurationPlatforms) = postSolution
		{71FC49CD-5F2A-45DB-8F23-7211672366D7}.Debug|Any CPU.ActiveCfg = Debug|Any CPU
		{71FC49CD-5F2A-45DB-8F23-7211672366D7}.Debug|Any CPU.Build.0 = Debug|Any CPU
		{71FC49CD-5F2A-45DB-8F23-7211672366D7}.Release|Any CPU.ActiveCfg = Release|Any CPU
		{71FC49CD-5F2A-45DB-8F23-7211672366D7}.Release|Any CPU.Build.0 = Release|Any CPU
		{51CB11EA-9E8C-41A6-9E96-4CFA152BEC91}.Debug|Any CPU.ActiveCfg = Debug|Any CPU
		{51CB11EA-9E8C-41A6-9E96-4CFA152BEC91}.Debug|Any CPU.Build.0 = Debug|Any CPU
		{51CB11EA-9E8C-41A6-9E96-4CFA152BEC91}.Release|Any CPU.ActiveCfg = Release|Any CPU
		{51CB11EA-9E8C-41A6-9E96-4CFA152BEC91}.Release|Any CPU.Build.0 = Release|Any CPU
	EndGlobalSection
	GlobalSection(SolutionProperties) = preSolution
		HideSolutionNode = FALSE
	EndGlobalSection
	GlobalSection(ExtensibilityGlobals) = postSolution
		SolutionGuid = {F3C7180A-5541-4FA4-96B5-0E9FFBA0F206}
	EndGlobalSection
EndGlobal
